// !$*UTF8*$!
{
	archiveVersion = 1;
	classes = {
	};
	objectVersion = 46;
	objects = {

/* Begin PBXBuildFile section */
		C2AF0D661BEE55FA00443C96 /* AppDelegate.swift in Sources */ = {isa = PBXBuildFile; fileRef = C2AF0D651BEE55FA00443C96 /* AppDelegate.swift */; };
		C2AF0D681BEE55FA00443C96 /* ViewController.swift in Sources */ = {isa = PBXBuildFile; fileRef = C2AF0D671BEE55FA00443C96 /* ViewController.swift */; };
		C2AF0D6B1BEE55FA00443C96 /* Main.storyboard in Resources */ = {isa = PBXBuildFile; fileRef = C2AF0D691BEE55FA00443C96 /* Main.storyboard */; };
		C2AF0D6D1BEE55FA00443C96 /* Assets.xcassets in Resources */ = {isa = PBXBuildFile; fileRef = C2AF0D6C1BEE55FA00443C96 /* Assets.xcassets */; };
		C2AF0D701BEE55FA00443C96 /* LaunchScreen.storyboard in Resources */ = {isa = PBXBuildFile; fileRef = C2AF0D6E1BEE55FA00443C96 /* LaunchScreen.storyboard */; };
		FE55250A2C19E3722694E6D4 /* Pods.framework in Frameworks */ = {isa = PBXBuildFile; fileRef = DDFEA73A48B76FE023C803C5 /* Pods.framework */; settings = {ATTRIBUTES = (Weak, ); }; };
/* End PBXBuildFile section */

/* Begin PBXFileReference section */
		97C963E62CAF317630B87749 /* Pods.release.xcconfig */ = {isa = PBXFileReference; includeInIndex = 1; lastKnownFileType = text.xcconfig; name = Pods.release.xcconfig; path = "Pods/Target Support Files/Pods/Pods.release.xcconfig"; sourceTree = "<group>"; };
		B0A0519A44AE8FF851709241 /* Pods.debug.xcconfig */ = {isa = PBXFileReference; includeInIndex = 1; lastKnownFileType = text.xcconfig; name = Pods.debug.xcconfig; path = "Pods/Target Support Files/Pods/Pods.debug.xcconfig"; sourceTree = "<group>"; };
		C2AF0D621BEE55FA00443C96 /* RxSwiftTest.app */ = {isa = PBXFileReference; explicitFileType = wrapper.application; includeInIndex = 0; path = RxSwiftTest.app; sourceTree = BUILT_PRODUCTS_DIR; };
		C2AF0D651BEE55FA00443C96 /* AppDelegate.swift */ = {isa = PBXFileReference; lastKnownFileType = sourcecode.swift; path = AppDelegate.swift; sourceTree = "<group>"; };
		C2AF0D671BEE55FA00443C96 /* ViewController.swift */ = {isa = PBXFileReference; lastKnownFileType = sourcecode.swift; path = ViewController.swift; sourceTree = "<group>"; };
		C2AF0D6A1BEE55FA00443C96 /* Base */ = {isa = PBXFileReference; lastKnownFileType = file.storyboard; name = Base; path = Base.lproj/Main.storyboard; sourceTree = "<group>"; };
		C2AF0D6C1BEE55FA00443C96 /* Assets.xcassets */ = {isa = PBXFileReference; lastKnownFileType = folder.assetcatalog; path = Assets.xcassets; sourceTree = "<group>"; };
		C2AF0D6F1BEE55FA00443C96 /* Base */ = {isa = PBXFileReference; lastKnownFileType = file.storyboard; name = Base; path = Base.lproj/LaunchScreen.storyboard; sourceTree = "<group>"; };
		C2AF0D711BEE55FA00443C96 /* Info.plist */ = {isa = PBXFileReference; lastKnownFileType = text.plist.xml; path = Info.plist; sourceTree = "<group>"; };
		DDFEA73A48B76FE023C803C5 /* Pods.framework */ = {isa = PBXFileReference; explicitFileType = wrapper.framework; includeInIndex = 0; path = Pods.framework; sourceTree = BUILT_PRODUCTS_DIR; };
/* End PBXFileReference section */

/* Begin PBXFrameworksBuildPhase section */
		C2AF0D5F1BEE55FA00443C96 /* Frameworks */ = {
			isa = PBXFrameworksBuildPhase;
			buildActionMask = 2147483647;
			files = (
				FE55250A2C19E3722694E6D4 /* Pods.framework in Frameworks */,
			);
			runOnlyForDeploymentPostprocessing = 0;
		};
/* End PBXFrameworksBuildPhase section */

/* Begin PBXGroup section */
		3EC30FB1114E2E469D44F462 /* Pods */ = {
			isa = PBXGroup;
			children = (
				B0A0519A44AE8FF851709241 /* Pods.debug.xcconfig */,
				97C963E62CAF317630B87749 /* Pods.release.xcconfig */,
			);
			name = Pods;
			sourceTree = "<group>";
		};
		A06233D4F037A095BDE44A79 /* Frameworks */ = {
			isa = PBXGroup;
			children = (
				DDFEA73A48B76FE023C803C5 /* Pods.framework */,
			);
			name = Frameworks;
			sourceTree = "<group>";
		};
		C2AF0D591BEE55FA00443C96 = {
			isa = PBXGroup;
			children = (
				C2AF0D641BEE55FA00443C96 /* RxSwiftTest */,
				C2AF0D631BEE55FA00443C96 /* Products */,
				3EC30FB1114E2E469D44F462 /* Pods */,
				A06233D4F037A095BDE44A79 /* Frameworks */,
			);
			sourceTree = "<group>";
		};
		C2AF0D631BEE55FA00443C96 /* Products */ = {
			isa = PBXGroup;
			children = (
				C2AF0D621BEE55FA00443C96 /* RxSwiftTest.app */,
			);
			name = Products;
			sourceTree = "<group>";
		};
		C2AF0D641BEE55FA00443C96 /* RxSwiftTest */ = {
			isa = PBXGroup;
			children = (
				C2AF0D651BEE55FA00443C96 /* AppDelegate.swift */,
				C2AF0D671BEE55FA00443C96 /* ViewController.swift */,
				C2AF0D691BEE55FA00443C96 /* Main.storyboard */,
				C2AF0D6C1BEE55FA00443C96 /* Assets.xcassets */,
				C2AF0D6E1BEE55FA00443C96 /* LaunchScreen.storyboard */,
				C2AF0D711BEE55FA00443C96 /* Info.plist */,
			);
			path = RxSwiftTest;
			sourceTree = "<group>";
		};
/* End PBXGroup section */

/* Begin PBXNativeTarget section */
		C2AF0D611BEE55FA00443C96 /* RxSwiftTest */ = {
			isa = PBXNativeTarget;
			buildConfigurationList = C2AF0D741BEE55FA00443C96 /* Build configuration list for PBXNativeTarget "RxSwiftTest" */;
			buildPhases = (
				3805ADA3227716F069B3E619 /* Check Pods Manifest.lock */,
				C2AF0D5E1BEE55FA00443C96 /* Sources */,
				C2AF0D5F1BEE55FA00443C96 /* Frameworks */,
				C2AF0D601BEE55FA00443C96 /* Resources */,
				42BD70E27ED788DCE3AF9694 /* Embed Pods Frameworks */,
				17F857B4FEC20E6BD1863F1E /* Copy Pods Resources */,
			);
			buildRules = (
			);
			dependencies = (
			);
			name = RxSwiftTest;
			productName = RxSwiftTest;
			productReference = C2AF0D621BEE55FA00443C96 /* RxSwiftTest.app */;
			productType = "com.apple.product-type.application";
		};
/* End PBXNativeTarget section */

/* Begin PBXProject section */
		C2AF0D5A1BEE55FA00443C96 /* Project object */ = {
			isa = PBXProject;
			attributes = {
				LastSwiftUpdateCheck = 0710;
				LastUpgradeCheck = 0710;
				ORGANIZATIONNAME = mgcm;
				TargetAttributes = {
					C2AF0D611BEE55FA00443C96 = {
						CreatedOnToolsVersion = 7.1;
					};
				};
			};
			buildConfigurationList = C2AF0D5D1BEE55FA00443C96 /* Build configuration list for PBXProject "RxSwiftTest" */;
			compatibilityVersion = "Xcode 3.2";
			developmentRegion = English;
			hasScannedForEncodings = 0;
			knownRegions = (
				en,
				Base,
			);
			mainGroup = C2AF0D591BEE55FA00443C96;
			productRefGroup = C2AF0D631BEE55FA00443C96 /* Products */;
			projectDirPath = "";
			projectRoot = "";
			targets = (
				C2AF0D611BEE55FA00443C96 /* RxSwiftTest */,
			);
		};
/* End PBXProject section */

/* Begin PBXResourcesBuildPhase section */
		C2AF0D601BEE55FA00443C96 /* Resources */ = {
			isa = PBXResourcesBuildPhase;
			buildActionMask = 2147483647;
			files = (
				C2AF0D701BEE55FA00443C96 /* LaunchScreen.storyboard in Resources */,
				C2AF0D6D1BEE55FA00443C96 /* Assets.xcassets in Resources */,
				C2AF0D6B1BEE55FA00443C96 /* Main.storyboard in Resources */,
			);
			runOnlyForDeploymentPostprocessing = 0;
		};
/* End PBXResourcesBuildPhase section */

/* Begin PBXShellScriptBuildPhase section */
		17F857B4FEC20E6BD1863F1E /* Copy Pods Resources */ = {
			isa = PBXShellScriptBuildPhase;
			buildActionMask = 2147483647;
			files = (
			);
			inputPaths = (
			);
			name = "Copy Pods Resources";
			outputPaths = (
			);
			runOnlyForDeploymentPostprocessing = 0;
			shellPath = /bin/sh;
			shellScript = "\"${SRCROOT}/Pods/Target Support Files/Pods/Pods-resources.sh\"\n";
			showEnvVarsInLog = 0;
		};
		3805ADA3227716F069B3E619 /* Check Pods Manifest.lock */ = {
			isa = PBXShellScriptBuildPhase;
			buildActionMask = 2147483647;
			files = (
			);
			inputPaths = (
			);
			name = "Check Pods Manifest.lock";
			outputPaths = (
			);
			runOnlyForDeploymentPostprocessing = 0;
			shellPath = /bin/sh;
			shellScript = "diff \"${PODS_ROOT}/../Podfile.lock\" \"${PODS_ROOT}/Manifest.lock\" > /dev/null\nif [[ $? != 0 ]] ; then\n    cat << EOM\nerror: The sandbox is not in sync with the Podfile.lock. Run 'pod install' or update your CocoaPods installation.\nEOM\n    exit 1\nfi\n";
			showEnvVarsInLog = 0;
		};
		42BD70E27ED788DCE3AF9694 /* Embed Pods Frameworks */ = {
			isa = PBXShellScriptBuildPhase;
			buildActionMask = 2147483647;
			files = (
			);
			inputPaths = (
			);
			name = "Embed Pods Frameworks";
			outputPaths = (
			);
			runOnlyForDeploymentPostprocessing = 0;
			shellPath = /bin/sh;
			shellScript = "\"${SRCROOT}/Pods/Target Support Files/Pods/Pods-frameworks.sh\"\n";
			showEnvVarsInLog = 0;
		};
/* End PBXShellScriptBuildPhase section */

/* Begin PBXSourcesBuildPhase section */
		C2AF0D5E1BEE55FA00443C96 /* Sources */ = {
			isa = PBXSourcesBuildPhase;
			buildActionMask = 2147483647;
			files = (
				C2AF0D681BEE55FA00443C96 /* ViewController.swift in Sources */,
				C2AF0D661BEE55FA00443C96 /* AppDelegate.swift in Sources */,
			);
			runOnlyForDeploymentPostprocessing = 0;
		};
/* End PBXSourcesBuildPhase section */

/* Begin PBXVariantGroup section */
		C2AF0D691BEE55FA00443C96 /* Main.storyboard */ = {
			isa = PBXVariantGroup;
			children = (
				C2AF0D6A1BEE55FA00443C96 /* Base */,
			);
			name = Main.storyboard;
			sourceTree = "<group>";
		};
		C2AF0D6E1BEE55FA00443C96 /* LaunchScreen.storyboard */ = {
			isa = PBXVariantGroup;
			children = (
				C2AF0D6F1BEE55FA00443C96 /* Base */,
			);
			name = LaunchScreen.storyboard;
			sourceTree = "<group>";
		};
/* End PBXVariantGroup section */

/* Begin XCBuildConfiguration section */
		C2AF0D721BEE55FA00443C96 /* Debug */ = {
			isa = XCBuildConfiguration;
			buildSettings = {
				ALWAYS_SEARCH_USER_PATHS = NO;
				CLANG_CXX_LANGUAGE_STANDARD = "gnu++0x";
				CLANG_CXX_LIBRARY = "libc++";
				CLANG_ENABLE_MODULES = YES;
				CLANG_ENABLE_OBJC_ARC = YES;
				CLANG_WARN_BOOL_CONVERSION = YES;
				CLANG_WARN_CONSTANT_CONVERSION = YES;
				CLANG_WARN_DIRECT_OBJC_ISA_USAGE = YES_ERROR;
				CLANG_WARN_EMPTY_BODY = YES;
				CLANG_WARN_ENUM_CONVERSION = YES;
				CLANG_WARN_INT_CONVERSION = YES;
				CLANG_WARN_OBJC_ROOT_CLASS = YES_ERROR;
				CLANG_WARN_UNREACHABLE_CODE = YES;
				CLANG_WARN__DUPLICATE_METHOD_MATCH = YES;
				"CODE_SIGN_IDENTITY[sdk=iphoneos*]" = "iPhone Developer";
				COPY_PHASE_STRIP = NO;
				DEBUG_INFORMATION_FORMAT = dwarf;
				ENABLE_STRICT_OBJC_MSGSEND = YES;
				ENABLE_TESTABILITY = YES;
				GCC_C_LANGUAGE_STANDARD = gnu99;
				GCC_DYNAMIC_NO_PIC = NO;
				GCC_NO_COMMON_BLOCKS = YES;
				GCC_OPTIMIZATION_LEVEL = 0;
				GCC_PREPROCESSOR_DEFINITIONS = (
					"DEBUG=1",
					"$(inherited)",
				);
				GCC_WARN_64_TO_32_BIT_CONVERSION = YES;
				GCC_WARN_ABOUT_RETURN_TYPE = YES_ERROR;
				GCC_WARN_UNDECLARED_SELECTOR = YES;
				GCC_WARN_UNINITIALIZED_AUTOS = YES_AGGRESSIVE;
				GCC_WARN_UNUSED_FUNCTION = YES;
				GCC_WARN_UNUSED_VARIABLE = YES;
				IPHONEOS_DEPLOYMENT_TARGET = 9.1;
				MTL_ENABLE_DEBUG_INFO = YES;
				ONLY_ACTIVE_ARCH = YES;
				SDKROOT = iphoneos;
				SWIFT_OPTIMIZATION_LEVEL = "-Onone";
				TARGETED_DEVICE_FAMILY = "1,2";
			};
			name = Debug;
		};
		C2AF0D731BEE55FA00443C96 /* Release */ = {
			isa = XCBuildConfiguration;
			buildSettings = {
				ALWAYS_SEARCH_USER_PATHS = NO;
				CLANG_CXX_LANGUAGE_STANDARD = "gnu++0x";
				CLANG_CXX_LIBRARY = "libc++";
				CLANG_ENABLE_MODULES = YES;
				CLANG_ENABLE_OBJC_ARC = YES;
				CLANG_WARN_BOOL_CONVERSION = YES;
				CLANG_WARN_CONSTANT_CONVERSION = YES;
				CLANG_WARN_DIRECT_OBJC_ISA_USAGE = YES_ERROR;
				CLANG_WARN_EMPTY_BODY = YES;
				CLANG_WARN_ENUM_CONVERSION = YES;
				CLANG_WARN_INT_CONVERSION = YES;
				CLANG_WARN_OBJC_ROOT_CLASS = YES_ERROR;
				CLANG_WARN_UNREACHABLE_CODE = YES;
				CLANG_WARN__DUPLICATE_METHOD_MATCH = YES;
				"CODE_SIGN_IDENTITY[sdk=iphoneos*]" = "iPhone Developer";
				COPY_PHASE_STRIP = NO;
				DEBUG_INFORMATION_FORMAT = "dwarf-with-dsym";
				ENABLE_NS_ASSERTIONS = NO;
				ENABLE_STRICT_OBJC_MSGSEND = YES;
				GCC_C_LANGUAGE_STANDARD = gnu99;
				GCC_NO_COMMON_BLOCKS = YES;
				GCC_WARN_64_TO_32_BIT_CONVERSION = YES;
				GCC_WARN_ABOUT_RETURN_TYPE = YES_ERROR;
				GCC_WARN_UNDECLARED_SELECTOR = YES;
				GCC_WARN_UNINITIALIZED_AUTOS = YES_AGGRESSIVE;
				GCC_WARN_UNUSED_FUNCTION = YES;
				GCC_WARN_UNUSED_VARIABLE = YES;
				IPHONEOS_DEPLOYMENT_TARGET = 9.1;
				MTL_ENABLE_DEBUG_INFO = NO;
				SDKROOT = iphoneos;
				TARGETED_DEVICE_FAMILY = "1,2";
				VALIDATE_PRODUCT = YES;
			};
			name = Release;
		};
		C2AF0D751BEE55FA00443C96 /* Debug */ = {
			isa = XCBuildConfiguration;
			baseConfigurationReference = B0A0519A44AE8FF851709241 /* Pods.debug.xcconfig */;
			buildSettings = {
				ASSETCATALOG_COMPILER_APPICON_NAME = AppIcon;
				INFOPLIST_FILE = RxSwiftTest/Info.plist;
				LD_RUNPATH_SEARCH_PATHS = "$(inherited) @executable_path/Frameworks";
				PRODUCT_BUNDLE_IDENTIFIER = com.mgcm.RxSwiftTest;
				PRODUCT_NAME = "$(TARGET_NAME)";
			};
			name = Debug;
		};
		C2AF0D761BEE55FA00443C96 /* Release */ = {
			isa = XCBuildConfiguration;
			baseConfigurationReference = 97C963E62CAF317630B87749 /* Pods.release.xcconfig */;
			buildSettings = {
				ASSETCATALOG_COMPILER_APPICON_NAME = AppIcon;
				INFOPLIST_FILE = RxSwiftTest/Info.plist;
				LD_RUNPATH_SEARCH_PATHS = "$(inherited) @executable_path/Frameworks";
				PRODUCT_BUNDLE_IDENTIFIER = com.mgcm.RxSwiftTest;
				PRODUCT_NAME = "$(TARGET_NAME)";
			};
			name = Release;
		};
/* End XCBuildConfiguration section */

/* Begin XCConfigurationList section */
		C2AF0D5D1BEE55FA00443C96 /* Build configuration list for PBXProject "RxSwiftTest" */ = {
			isa = XCConfigurationList;
			buildConfigurations = (
				C2AF0D721BEE55FA00443C96 /* Debug */,
				C2AF0D731BEE55FA00443C96 /* Release */,
			);
			defaultConfigurationIsVisible = 0;
			defaultConfigurationName = Release;
		};
		C2AF0D741BEE55FA00443C96 /* Build configuration list for PBXNativeTarget "RxSwiftTest" */ = {
			isa = XCConfigurationList;
			buildConfigurations = (
				C2AF0D751BEE55FA00443C96 /* Debug */,
				C2AF0D761BEE55FA00443C96 /* Release */,
			);
			defaultConfigurationIsVisible = 0;
			defaultConfigurationName = Release;
		};
/* End XCConfigurationList section */
	};
	rootObject = C2AF0D5A1BEE55FA00443C96 /* Project object */;
}
